// !$*UTF8*$!
{
	archiveVersion = 1;
	classes = {
	};
	objectVersion = 51;
	objects = {

/* Begin PBXBuildFile section */
		137E022BBC77B637133847FE /* Pods_SimpleWeather.framework in Frameworks */ = {isa = PBXBuildFile; fileRef = E6E6C38FE002FD1150D7BAB8 /* Pods_SimpleWeather.framework */; };
		2037C616248815C5003C6BEF /* AppFramework.swift in Sources */ = {isa = PBXBuildFile; fileRef = 2037C615248815C5003C6BEF /* AppFramework.swift */; };
		2038D38D247D6FD500151673 /* DailyForecastWeatherPresenter.swift in Sources */ = {isa = PBXBuildFile; fileRef = 2038D38C247D6FD500151673 /* DailyForecastWeatherPresenter.swift */; };
		2038D38F247D704F00151673 /* DailyWeatherForecastInteractor.swift in Sources */ = {isa = PBXBuildFile; fileRef = 2038D38E247D704F00151673 /* DailyWeatherForecastInteractor.swift */; };
		2038EF83247CE13C0000A5A9 /* DailyWeatherForecastProtocols.swift in Sources */ = {isa = PBXBuildFile; fileRef = 2038EF82247CE13C0000A5A9 /* DailyWeatherForecastProtocols.swift */; };
		203BC42924890B1000692907 /* Int + Extension.swift in Sources */ = {isa = PBXBuildFile; fileRef = 203BC42824890B1000692907 /* Int + Extension.swift */; };
		203BC42B24890B7900692907 /* Float + Extensions.swift in Sources */ = {isa = PBXBuildFile; fileRef = 203BC42A24890B7900692907 /* Float + Extensions.swift */; };
		203C6D34248BFCBA0075CF6C /* UITabViewControllerPart.swift in Sources */ = {isa = PBXBuildFile; fileRef = 203C6D33248BFCBA0075CF6C /* UITabViewControllerPart.swift */; };
		204030B2247E3788005EF087 /* DayCardCell.swift in Sources */ = {isa = PBXBuildFile; fileRef = 204030B1247E3788005EF087 /* DayCardCell.swift */; };
		204030B4247E59AB005EF087 /* DaySelectControl.swift in Sources */ = {isa = PBXBuildFile; fileRef = 204030B3247E59AB005EF087 /* DaySelectControl.swift */; };
		204E2C042488187200E5F991 /* DailyWeatherForecastPart.swift in Sources */ = {isa = PBXBuildFile; fileRef = 204E2C032488187200E5F991 /* DailyWeatherForecastPart.swift */; };
		204E2C0624881C7700E5F991 /* NetworkingPart.swift in Sources */ = {isa = PBXBuildFile; fileRef = 204E2C0524881C7700E5F991 /* NetworkingPart.swift */; };
		206CA5602489747000A8C987 /* CoreLocationManager.swift in Sources */ = {isa = PBXBuildFile; fileRef = 206CA55F2489747000A8C987 /* CoreLocationManager.swift */; };
		20790D85248E4191000077FA /* ChartManager.swift in Sources */ = {isa = PBXBuildFile; fileRef = 20790D84248E4191000077FA /* ChartManager.swift */; };
		20DD35AB247BBBCB00BD2E32 /* AppDelegate.swift in Sources */ = {isa = PBXBuildFile; fileRef = 20DD35AA247BBBCB00BD2E32 /* AppDelegate.swift */; };
		20DD35AF247BBBCB00BD2E32 /* DailyWeatherForecastViewController.swift in Sources */ = {isa = PBXBuildFile; fileRef = 20DD35AE247BBBCB00BD2E32 /* DailyWeatherForecastViewController.swift */; };
		20DD35B2247BBBCB00BD2E32 /* Main.storyboard in Resources */ = {isa = PBXBuildFile; fileRef = 20DD35B0247BBBCB00BD2E32 /* Main.storyboard */; };
		20DD35B7247BBBD100BD2E32 /* Assets.xcassets in Resources */ = {isa = PBXBuildFile; fileRef = 20DD35B6247BBBD100BD2E32 /* Assets.xcassets */; };
		20DD35BA247BBBD100BD2E32 /* LaunchScreen.storyboard in Resources */ = {isa = PBXBuildFile; fileRef = 20DD35B8247BBBD100BD2E32 /* LaunchScreen.storyboard */; };
		20DD35C5247BEAEE00BD2E32 /* WeatherForecast.swift in Sources */ = {isa = PBXBuildFile; fileRef = 20DD35C4247BEAEE00BD2E32 /* WeatherForecast.swift */; };
		20DD35C7247BEF8C00BD2E32 /* DailyWeatherResponse.swift in Sources */ = {isa = PBXBuildFile; fileRef = 20DD35C6247BEF8C00BD2E32 /* DailyWeatherResponse.swift */; };
		20DD35CA247BF24600BD2E32 /* HTTPClient.swift in Sources */ = {isa = PBXBuildFile; fileRef = 20DD35C9247BF24600BD2E32 /* HTTPClient.swift */; };
		20DD35CC247BF4DE00BD2E32 /* WeatherAPI.swift in Sources */ = {isa = PBXBuildFile; fileRef = 20DD35CB247BF4DE00BD2E32 /* WeatherAPI.swift */; };
		20DD35CF247BF86700BD2E32 /* WeatherForecastConverter.swift in Sources */ = {isa = PBXBuildFile; fileRef = 20DD35CE247BF86700BD2E32 /* WeatherForecastConverter.swift */; };
		20DD35D1247BFBB100BD2E32 /* DailyHourlyWeatherResponse.swift in Sources */ = {isa = PBXBuildFile; fileRef = 20DD35D0247BFBB100BD2E32 /* DailyHourlyWeatherResponse.swift */; };
/* End PBXBuildFile section */

/* Begin PBXFileReference section */
		2037C615248815C5003C6BEF /* AppFramework.swift */ = {isa = PBXFileReference; lastKnownFileType = sourcecode.swift; path = AppFramework.swift; sourceTree = "<group>"; };
		2038D38C247D6FD500151673 /* DailyForecastWeatherPresenter.swift */ = {isa = PBXFileReference; lastKnownFileType = sourcecode.swift; path = DailyForecastWeatherPresenter.swift; sourceTree = "<group>"; };
		2038D38E247D704F00151673 /* DailyWeatherForecastInteractor.swift */ = {isa = PBXFileReference; lastKnownFileType = sourcecode.swift; path = DailyWeatherForecastInteractor.swift; sourceTree = "<group>"; };
		2038EF82247CE13C0000A5A9 /* DailyWeatherForecastProtocols.swift */ = {isa = PBXFileReference; lastKnownFileType = sourcecode.swift; path = DailyWeatherForecastProtocols.swift; sourceTree = "<group>"; };
		203BC42824890B1000692907 /* Int + Extension.swift */ = {isa = PBXFileReference; lastKnownFileType = sourcecode.swift; path = "Int + Extension.swift"; sourceTree = "<group>"; };
		203BC42A24890B7900692907 /* Float + Extensions.swift */ = {isa = PBXFileReference; lastKnownFileType = sourcecode.swift; path = "Float + Extensions.swift"; sourceTree = "<group>"; };
		203C6D33248BFCBA0075CF6C /* UITabViewControllerPart.swift */ = {isa = PBXFileReference; lastKnownFileType = sourcecode.swift; path = UITabViewControllerPart.swift; sourceTree = "<group>"; };
		204030B1247E3788005EF087 /* DayCardCell.swift */ = {isa = PBXFileReference; lastKnownFileType = sourcecode.swift; path = DayCardCell.swift; sourceTree = "<group>"; };
		204030B3247E59AB005EF087 /* DaySelectControl.swift */ = {isa = PBXFileReference; lastKnownFileType = sourcecode.swift; path = DaySelectControl.swift; sourceTree = "<group>"; };
		204E2C032488187200E5F991 /* DailyWeatherForecastPart.swift */ = {isa = PBXFileReference; lastKnownFileType = sourcecode.swift; path = DailyWeatherForecastPart.swift; sourceTree = "<group>"; };
		204E2C0524881C7700E5F991 /* NetworkingPart.swift */ = {isa = PBXFileReference; lastKnownFileType = sourcecode.swift; path = NetworkingPart.swift; sourceTree = "<group>"; };
		206CA55F2489747000A8C987 /* CoreLocationManager.swift */ = {isa = PBXFileReference; lastKnownFileType = sourcecode.swift; path = CoreLocationManager.swift; sourceTree = "<group>"; };
		20790D84248E4191000077FA /* ChartManager.swift */ = {isa = PBXFileReference; lastKnownFileType = sourcecode.swift; path = ChartManager.swift; sourceTree = "<group>"; };
		20DD35A7247BBBCB00BD2E32 /* SimpleWeather.app */ = {isa = PBXFileReference; explicitFileType = wrapper.application; includeInIndex = 0; path = SimpleWeather.app; sourceTree = BUILT_PRODUCTS_DIR; };
		20DD35AA247BBBCB00BD2E32 /* AppDelegate.swift */ = {isa = PBXFileReference; lastKnownFileType = sourcecode.swift; path = AppDelegate.swift; sourceTree = "<group>"; };
		20DD35AE247BBBCB00BD2E32 /* DailyWeatherForecastViewController.swift */ = {isa = PBXFileReference; lastKnownFileType = sourcecode.swift; path = DailyWeatherForecastViewController.swift; sourceTree = "<group>"; };
		20DD35B1247BBBCB00BD2E32 /* Base */ = {isa = PBXFileReference; lastKnownFileType = file.storyboard; name = Base; path = Base.lproj/Main.storyboard; sourceTree = "<group>"; };
		20DD35B6247BBBD100BD2E32 /* Assets.xcassets */ = {isa = PBXFileReference; lastKnownFileType = folder.assetcatalog; path = Assets.xcassets; sourceTree = "<group>"; };
		20DD35B9247BBBD100BD2E32 /* Base */ = {isa = PBXFileReference; lastKnownFileType = file.storyboard; name = Base; path = Base.lproj/LaunchScreen.storyboard; sourceTree = "<group>"; };
		20DD35BB247BBBD100BD2E32 /* Info.plist */ = {isa = PBXFileReference; lastKnownFileType = text.plist.xml; path = Info.plist; sourceTree = "<group>"; };
		20DD35C4247BEAEE00BD2E32 /* WeatherForecast.swift */ = {isa = PBXFileReference; lastKnownFileType = sourcecode.swift; path = WeatherForecast.swift; sourceTree = "<group>"; };
		20DD35C6247BEF8C00BD2E32 /* DailyWeatherResponse.swift */ = {isa = PBXFileReference; lastKnownFileType = sourcecode.swift; path = DailyWeatherResponse.swift; sourceTree = "<group>"; };
		20DD35C9247BF24600BD2E32 /* HTTPClient.swift */ = {isa = PBXFileReference; lastKnownFileType = sourcecode.swift; path = HTTPClient.swift; sourceTree = "<group>"; };
		20DD35CB247BF4DE00BD2E32 /* WeatherAPI.swift */ = {isa = PBXFileReference; lastKnownFileType = sourcecode.swift; path = WeatherAPI.swift; sourceTree = "<group>"; };
		20DD35CE247BF86700BD2E32 /* WeatherForecastConverter.swift */ = {isa = PBXFileReference; lastKnownFileType = sourcecode.swift; path = WeatherForecastConverter.swift; sourceTree = "<group>"; };
		20DD35D0247BFBB100BD2E32 /* DailyHourlyWeatherResponse.swift */ = {isa = PBXFileReference; lastKnownFileType = sourcecode.swift; path = DailyHourlyWeatherResponse.swift; sourceTree = "<group>"; };
		A0F093742A2DA482BBF29132 /* Pods-SimpleWeather.release.xcconfig */ = {isa = PBXFileReference; includeInIndex = 1; lastKnownFileType = text.xcconfig; name = "Pods-SimpleWeather.release.xcconfig"; path = "Target Support Files/Pods-SimpleWeather/Pods-SimpleWeather.release.xcconfig"; sourceTree = "<group>"; };
		CF291F015288F07BAD70C084 /* Pods-SimpleWeather.debug.xcconfig */ = {isa = PBXFileReference; includeInIndex = 1; lastKnownFileType = text.xcconfig; name = "Pods-SimpleWeather.debug.xcconfig"; path = "Target Support Files/Pods-SimpleWeather/Pods-SimpleWeather.debug.xcconfig"; sourceTree = "<group>"; };
		E6E6C38FE002FD1150D7BAB8 /* Pods_SimpleWeather.framework */ = {isa = PBXFileReference; explicitFileType = wrapper.framework; includeInIndex = 0; path = Pods_SimpleWeather.framework; sourceTree = BUILT_PRODUCTS_DIR; };
/* End PBXFileReference section */

/* Begin PBXFrameworksBuildPhase section */
		20DD35A4247BBBCB00BD2E32 /* Frameworks */ = {
			isa = PBXFrameworksBuildPhase;
			buildActionMask = 2147483647;
			files = (
				137E022BBC77B637133847FE /* Pods_SimpleWeather.framework in Frameworks */,
			);
			runOnlyForDeploymentPostprocessing = 0;
		};
/* End PBXFrameworksBuildPhase section */

/* Begin PBXGroup section */
		2037C614248815B1003C6BEF /* DI */ = {
			isa = PBXGroup;
			children = (
				2037C615248815C5003C6BEF /* AppFramework.swift */,
				204E2C032488187200E5F991 /* DailyWeatherForecastPart.swift */,
				204E2C0524881C7700E5F991 /* NetworkingPart.swift */,
				203C6D33248BFCBA0075CF6C /* UITabViewControllerPart.swift */,
			);
			path = DI;
			sourceTree = "<group>";
		};
		2038EF77247CDE4D0000A5A9 /* Recources */ = {
			isa = PBXGroup;
			children = (
				20DD35AA247BBBCB00BD2E32 /* AppDelegate.swift */,
				20DD35B6247BBBD100BD2E32 /* Assets.xcassets */,
				20DD35B0247BBBCB00BD2E32 /* Main.storyboard */,
				20DD35B8247BBBD100BD2E32 /* LaunchScreen.storyboard */,
			);
			path = Recources;
			sourceTree = "<group>";
		};
		2038EF7B247CDFDA0000A5A9 /* DailyWeatherForecast */ = {
			isa = PBXGroup;
			children = (
				20DD35CD247BF84E00BD2E32 /* ModelConverters */,
				203C6D35248BFE390075CF6C /* Subviews */,
				20DD35AE247BBBCB00BD2E32 /* DailyWeatherForecastViewController.swift */,
				2038D38E247D704F00151673 /* DailyWeatherForecastInteractor.swift */,
				2038D38C247D6FD500151673 /* DailyForecastWeatherPresenter.swift */,
				2038EF82247CE13C0000A5A9 /* DailyWeatherForecastProtocols.swift */,
			);
			path = DailyWeatherForecast;
			sourceTree = "<group>";
		};
		203BC42724890B0700692907 /* Extensions */ = {
			isa = PBXGroup;
			children = (
				203BC42824890B1000692907 /* Int + Extension.swift */,
				203BC42A24890B7900692907 /* Float + Extensions.swift */,
			);
			path = Extensions;
			sourceTree = "<group>";
		};
		203C6D35248BFE390075CF6C /* Subviews */ = {
			isa = PBXGroup;
			children = (
				204030B1247E3788005EF087 /* DayCardCell.swift */,
				204030B3247E59AB005EF087 /* DaySelectControl.swift */,
			);
			path = Subviews;
			sourceTree = "<group>";
		};
		206CA55E2489744E00A8C987 /* CoreLocation */ = {
			isa = PBXGroup;
			children = (
				206CA55F2489747000A8C987 /* CoreLocationManager.swift */,
			);
			path = CoreLocation;
			sourceTree = "<group>";
		};
		20790D83248E4187000077FA /* ChartManager */ = {
			isa = PBXGroup;
			children = (
				20790D84248E4191000077FA /* ChartManager.swift */,
			);
			path = ChartManager;
			sourceTree = "<group>";
		};
		20DD359E247BBBCB00BD2E32 = {
			isa = PBXGroup;
			children = (
				20DD35A9247BBBCB00BD2E32 /* SimpleWeather */,
				20DD35A8247BBBCB00BD2E32 /* Products */,
				588B05823039E929BE0E79AD /* Pods */,
				2AFCA35557CC1F46BE2F3855 /* Frameworks */,
			);
			sourceTree = "<group>";
		};
		20DD35A8247BBBCB00BD2E32 /* Products */ = {
			isa = PBXGroup;
			children = (
				20DD35A7247BBBCB00BD2E32 /* SimpleWeather.app */,
			);
			name = Products;
			sourceTree = "<group>";
		};
		20DD35A9247BBBCB00BD2E32 /* SimpleWeather */ = {
			isa = PBXGroup;
			children = (
				20790D83248E4187000077FA /* ChartManager */,
				20DD35BB247BBBD100BD2E32 /* Info.plist */,
				2038EF77247CDE4D0000A5A9 /* Recources */,
				203BC42724890B0700692907 /* Extensions */,
				20DD35C3247BEA9B00BD2E32 /* Model */,
				2037C614248815B1003C6BEF /* DI */,
				206CA55E2489744E00A8C987 /* CoreLocation */,
				20DD35C8247BF23700BD2E32 /* Networking */,
				2038EF7B247CDFDA0000A5A9 /* DailyWeatherForecast */,
			);
			path = SimpleWeather;
			sourceTree = "<group>";
		};
		20DD35C3247BEA9B00BD2E32 /* Model */ = {
			isa = PBXGroup;
			children = (
				20DD35C4247BEAEE00BD2E32 /* WeatherForecast.swift */,
				20DD35C6247BEF8C00BD2E32 /* DailyWeatherResponse.swift */,
				20DD35D0247BFBB100BD2E32 /* DailyHourlyWeatherResponse.swift */,
			);
			path = Model;
			sourceTree = "<group>";
		};
		20DD35C8247BF23700BD2E32 /* Networking */ = {
			isa = PBXGroup;
			children = (
				20DD35C9247BF24600BD2E32 /* HTTPClient.swift */,
				20DD35CB247BF4DE00BD2E32 /* WeatherAPI.swift */,
			);
			path = Networking;
			sourceTree = "<group>";
		};
		20DD35CD247BF84E00BD2E32 /* ModelConverters */ = {
			isa = PBXGroup;
			children = (
				20DD35CE247BF86700BD2E32 /* WeatherForecastConverter.swift */,
			);
			path = ModelConverters;
			sourceTree = "<group>";
		};
		2AFCA35557CC1F46BE2F3855 /* Frameworks */ = {
			isa = PBXGroup;
			children = (
				E6E6C38FE002FD1150D7BAB8 /* Pods_SimpleWeather.framework */,
			);
			name = Frameworks;
			sourceTree = "<group>";
		};
		588B05823039E929BE0E79AD /* Pods */ = {
			isa = PBXGroup;
			children = (
				CF291F015288F07BAD70C084 /* Pods-SimpleWeather.debug.xcconfig */,
				A0F093742A2DA482BBF29132 /* Pods-SimpleWeather.release.xcconfig */,
			);
			path = Pods;
			sourceTree = "<group>";
		};
/* End PBXGroup section */

/* Begin PBXNativeTarget section */
		20DD35A6247BBBCB00BD2E32 /* SimpleWeather */ = {
			isa = PBXNativeTarget;
			buildConfigurationList = 20DD35BE247BBBD100BD2E32 /* Build configuration list for PBXNativeTarget "SimpleWeather" */;
			buildPhases = (
				DA72BF116EA493E4BA440845 /* [CP] Check Pods Manifest.lock */,
				20DD35A3247BBBCB00BD2E32 /* Sources */,
				20DD35A4247BBBCB00BD2E32 /* Frameworks */,
				20DD35A5247BBBCB00BD2E32 /* Resources */,
				650F85B0D57A871C920372B2 /* [CP] Embed Pods Frameworks */,
			);
			buildRules = (
			);
			dependencies = (
			);
			name = SimpleWeather;
			productName = SimpleWeather;
			productReference = 20DD35A7247BBBCB00BD2E32 /* SimpleWeather.app */;
			productType = "com.apple.product-type.application";
		};
/* End PBXNativeTarget section */

/* Begin PBXProject section */
		20DD359F247BBBCB00BD2E32 /* Project object */ = {
			isa = PBXProject;
			attributes = {
				LastSwiftUpdateCheck = 1110;
				LastUpgradeCheck = 1110;
				ORGANIZATIONNAME = "Alexander Team";
				TargetAttributes = {
					20DD35A6247BBBCB00BD2E32 = {
						CreatedOnToolsVersion = 11.1;
					};
				};
			};
			buildConfigurationList = 20DD35A2247BBBCB00BD2E32 /* Build configuration list for PBXProject "SimpleWeather" */;
			compatibilityVersion = "Xcode 9.3";
			developmentRegion = en;
			hasScannedForEncodings = 0;
			knownRegions = (
				en,
				Base,
			);
			mainGroup = 20DD359E247BBBCB00BD2E32;
			productRefGroup = 20DD35A8247BBBCB00BD2E32 /* Products */;
			projectDirPath = "";
			projectRoot = "";
			targets = (
				20DD35A6247BBBCB00BD2E32 /* SimpleWeather */,
			);
		};
/* End PBXProject section */

/* Begin PBXResourcesBuildPhase section */
		20DD35A5247BBBCB00BD2E32 /* Resources */ = {
			isa = PBXResourcesBuildPhase;
			buildActionMask = 2147483647;
			files = (
				20DD35BA247BBBD100BD2E32 /* LaunchScreen.storyboard in Resources */,
				20DD35B7247BBBD100BD2E32 /* Assets.xcassets in Resources */,
				20DD35B2247BBBCB00BD2E32 /* Main.storyboard in Resources */,
			);
			runOnlyForDeploymentPostprocessing = 0;
		};
/* End PBXResourcesBuildPhase section */

/* Begin PBXShellScriptBuildPhase section */
		650F85B0D57A871C920372B2 /* [CP] Embed Pods Frameworks */ = {
			isa = PBXShellScriptBuildPhase;
			buildActionMask = 2147483647;
			files = (
			);
			inputFileListPaths = (
				"${PODS_ROOT}/Target Support Files/Pods-SimpleWeather/Pods-SimpleWeather-frameworks-${CONFIGURATION}-input-files.xcfilelist",
			);
			name = "[CP] Embed Pods Frameworks";
			outputFileListPaths = (
				"${PODS_ROOT}/Target Support Files/Pods-SimpleWeather/Pods-SimpleWeather-frameworks-${CONFIGURATION}-output-files.xcfilelist",
			);
			runOnlyForDeploymentPostprocessing = 0;
			shellPath = /bin/sh;
			shellScript = "\"${PODS_ROOT}/Target Support Files/Pods-SimpleWeather/Pods-SimpleWeather-frameworks.sh\"\n";
			showEnvVarsInLog = 0;
		};
		DA72BF116EA493E4BA440845 /* [CP] Check Pods Manifest.lock */ = {
			isa = PBXShellScriptBuildPhase;
			buildActionMask = 2147483647;
			files = (
			);
			inputFileListPaths = (
			);
			inputPaths = (
				"${PODS_PODFILE_DIR_PATH}/Podfile.lock",
				"${PODS_ROOT}/Manifest.lock",
			);
			name = "[CP] Check Pods Manifest.lock";
			outputFileListPaths = (
			);
			outputPaths = (
				"$(DERIVED_FILE_DIR)/Pods-SimpleWeather-checkManifestLockResult.txt",
			);
			runOnlyForDeploymentPostprocessing = 0;
			shellPath = /bin/sh;
			shellScript = "diff \"${PODS_PODFILE_DIR_PATH}/Podfile.lock\" \"${PODS_ROOT}/Manifest.lock\" > /dev/null\nif [ $? != 0 ] ; then\n    # print error to STDERR\n    echo \"error: The sandbox is not in sync with the Podfile.lock. Run 'pod install' or update your CocoaPods installation.\" >&2\n    exit 1\nfi\n# This output is used by Xcode 'outputs' to avoid re-running this script phase.\necho \"SUCCESS\" > \"${SCRIPT_OUTPUT_FILE_0}\"\n";
			showEnvVarsInLog = 0;
		};
/* End PBXShellScriptBuildPhase section */

/* Begin PBXSourcesBuildPhase section */
		20DD35A3247BBBCB00BD2E32 /* Sources */ = {
			isa = PBXSourcesBuildPhase;
			buildActionMask = 2147483647;
			files = (
				203BC42B24890B7900692907 /* Float + Extensions.swift in Sources */,
				2038D38D247D6FD500151673 /* DailyForecastWeatherPresenter.swift in Sources */,
				2037C616248815C5003C6BEF /* AppFramework.swift in Sources */,
				2038D38F247D704F00151673 /* DailyWeatherForecastInteractor.swift in Sources */,
				20DD35CF247BF86700BD2E32 /* WeatherForecastConverter.swift in Sources */,
				206CA5602489747000A8C987 /* CoreLocationManager.swift in Sources */,
				20DD35C7247BEF8C00BD2E32 /* DailyWeatherResponse.swift in Sources */,
				2038EF83247CE13C0000A5A9 /* DailyWeatherForecastProtocols.swift in Sources */,
				20DD35CC247BF4DE00BD2E32 /* WeatherAPI.swift in Sources */,
				204030B4247E59AB005EF087 /* DaySelectControl.swift in Sources */,
				204E2C0624881C7700E5F991 /* NetworkingPart.swift in Sources */,
				20790D85248E4191000077FA /* ChartManager.swift in Sources */,
				204030B2247E3788005EF087 /* DayCardCell.swift in Sources */,
				204E2C042488187200E5F991 /* DailyWeatherForecastPart.swift in Sources */,
				20DD35CA247BF24600BD2E32 /* HTTPClient.swift in Sources */,
				203BC42924890B1000692907 /* Int + Extension.swift in Sources */,
				203C6D34248BFCBA0075CF6C /* UITabViewControllerPart.swift in Sources */,
				20DD35AF247BBBCB00BD2E32 /* DailyWeatherForecastViewController.swift in Sources */,
				20DD35AB247BBBCB00BD2E32 /* AppDelegate.swift in Sources */,
				20DD35C5247BEAEE00BD2E32 /* WeatherForecast.swift in Sources */,
				20DD35D1247BFBB100BD2E32 /* DailyHourlyWeatherResponse.swift in Sources */,
			);
			runOnlyForDeploymentPostprocessing = 0;
		};
/* End PBXSourcesBuildPhase section */

/* Begin PBXVariantGroup section */
		20DD35B0247BBBCB00BD2E32 /* Main.storyboard */ = {
			isa = PBXVariantGroup;
			children = (
				20DD35B1247BBBCB00BD2E32 /* Base */,
			);
			name = Main.storyboard;
			sourceTree = "<group>";
		};
		20DD35B8247BBBD100BD2E32 /* LaunchScreen.storyboard */ = {
			isa = PBXVariantGroup;
			children = (
				20DD35B9247BBBD100BD2E32 /* Base */,
			);
			name = LaunchScreen.storyboard;
			sourceTree = "<group>";
		};
/* End PBXVariantGroup section */

/* Begin XCBuildConfiguration section */
		20DD35BC247BBBD100BD2E32 /* Debug */ = {
			isa = XCBuildConfiguration;
			buildSettings = {
				ALWAYS_SEARCH_USER_PATHS = NO;
				CLANG_ANALYZER_NONNULL = YES;
				CLANG_ANALYZER_NUMBER_OBJECT_CONVERSION = YES_AGGRESSIVE;
				CLANG_CXX_LANGUAGE_STANDARD = "gnu++14";
				CLANG_CXX_LIBRARY = "libc++";
				CLANG_ENABLE_MODULES = YES;
				CLANG_ENABLE_OBJC_ARC = YES;
				CLANG_ENABLE_OBJC_WEAK = YES;
				CLANG_WARN_BLOCK_CAPTURE_AUTORELEASING = YES;
				CLANG_WARN_BOOL_CONVERSION = YES;
				CLANG_WARN_COMMA = YES;
				CLANG_WARN_CONSTANT_CONVERSION = YES;
				CLANG_WARN_DEPRECATED_OBJC_IMPLEMENTATIONS = YES;
				CLANG_WARN_DIRECT_OBJC_ISA_USAGE = YES_ERROR;
				CLANG_WARN_DOCUMENTATION_COMMENTS = YES;
				CLANG_WARN_EMPTY_BODY = YES;
				CLANG_WARN_ENUM_CONVERSION = YES;
				CLANG_WARN_INFINITE_RECURSION = YES;
				CLANG_WARN_INT_CONVERSION = YES;
				CLANG_WARN_NON_LITERAL_NULL_CONVERSION = YES;
				CLANG_WARN_OBJC_IMPLICIT_RETAIN_SELF = YES;
				CLANG_WARN_OBJC_LITERAL_CONVERSION = YES;
				CLANG_WARN_OBJC_ROOT_CLASS = YES_ERROR;
				CLANG_WARN_RANGE_LOOP_ANALYSIS = YES;
				CLANG_WARN_STRICT_PROTOTYPES = YES;
				CLANG_WARN_SUSPICIOUS_MOVE = YES;
				CLANG_WARN_UNGUARDED_AVAILABILITY = YES_AGGRESSIVE;
				CLANG_WARN_UNREACHABLE_CODE = YES;
				CLANG_WARN__DUPLICATE_METHOD_MATCH = YES;
				COPY_PHASE_STRIP = NO;
				DEBUG_INFORMATION_FORMAT = dwarf;
				ENABLE_STRICT_OBJC_MSGSEND = YES;
				ENABLE_TESTABILITY = YES;
				GCC_C_LANGUAGE_STANDARD = gnu11;
				GCC_DYNAMIC_NO_PIC = NO;
				GCC_NO_COMMON_BLOCKS = YES;
				GCC_OPTIMIZATION_LEVEL = 0;
				GCC_PREPROCESSOR_DEFINITIONS = (
					"DEBUG=1",
					"$(inherited)",
				);
				GCC_WARN_64_TO_32_BIT_CONVERSION = YES;
				GCC_WARN_ABOUT_RETURN_TYPE = YES_ERROR;
				GCC_WARN_UNDECLARED_SELECTOR = YES;
				GCC_WARN_UNINITIALIZED_AUTOS = YES_AGGRESSIVE;
				GCC_WARN_UNUSED_FUNCTION = YES;
				GCC_WARN_UNUSED_VARIABLE = YES;
				IPHONEOS_DEPLOYMENT_TARGET = 13.1;
				MTL_ENABLE_DEBUG_INFO = INCLUDE_SOURCE;
				MTL_FAST_MATH = YES;
				ONLY_ACTIVE_ARCH = YES;
				SDKROOT = iphoneos;
				SWIFT_ACTIVE_COMPILATION_CONDITIONS = DEBUG;
				SWIFT_OPTIMIZATION_LEVEL = "-Onone";
			};
			name = Debug;
		};
		20DD35BD247BBBD100BD2E32 /* Release */ = {
			isa = XCBuildConfiguration;
			buildSettings = {
				ALWAYS_SEARCH_USER_PATHS = NO;
				CLANG_ANALYZER_NONNULL = YES;
				CLANG_ANALYZER_NUMBER_OBJECT_CONVERSION = YES_AGGRESSIVE;
				CLANG_CXX_LANGUAGE_STANDARD = "gnu++14";
				CLANG_CXX_LIBRARY = "libc++";
				CLANG_ENABLE_MODULES = YES;
				CLANG_ENABLE_OBJC_ARC = YES;
				CLANG_ENABLE_OBJC_WEAK = YES;
				CLANG_WARN_BLOCK_CAPTURE_AUTORELEASING = YES;
				CLANG_WARN_BOOL_CONVERSION = YES;
				CLANG_WARN_COMMA = YES;
				CLANG_WARN_CONSTANT_CONVERSION = YES;
				CLANG_WARN_DEPRECATED_OBJC_IMPLEMENTATIONS = YES;
				CLANG_WARN_DIRECT_OBJC_ISA_USAGE = YES_ERROR;
				CLANG_WARN_DOCUMENTATION_COMMENTS = YES;
				CLANG_WARN_EMPTY_BODY = YES;
				CLANG_WARN_ENUM_CONVERSION = YES;
				CLANG_WARN_INFINITE_RECURSION = YES;
				CLANG_WARN_INT_CONVERSION = YES;
				CLANG_WARN_NON_LITERAL_NULL_CONVERSION = YES;
				CLANG_WARN_OBJC_IMPLICIT_RETAIN_SELF = YES;
				CLANG_WARN_OBJC_LITERAL_CONVERSION = YES;
				CLANG_WARN_OBJC_ROOT_CLASS = YES_ERROR;
				CLANG_WARN_RANGE_LOOP_ANALYSIS = YES;
				CLANG_WARN_STRICT_PROTOTYPES = YES;
				CLANG_WARN_SUSPICIOUS_MOVE = YES;
				CLANG_WARN_UNGUARDED_AVAILABILITY = YES_AGGRESSIVE;
				CLANG_WARN_UNREACHABLE_CODE = YES;
				CLANG_WARN__DUPLICATE_METHOD_MATCH = YES;
				COPY_PHASE_STRIP = NO;
				DEBUG_INFORMATION_FORMAT = "dwarf-with-dsym";
				ENABLE_NS_ASSERTIONS = NO;
				ENABLE_STRICT_OBJC_MSGSEND = YES;
				GCC_C_LANGUAGE_STANDARD = gnu11;
				GCC_NO_COMMON_BLOCKS = YES;
				GCC_WARN_64_TO_32_BIT_CONVERSION = YES;
				GCC_WARN_ABOUT_RETURN_TYPE = YES_ERROR;
				GCC_WARN_UNDECLARED_SELECTOR = YES;
				GCC_WARN_UNINITIALIZED_AUTOS = YES_AGGRESSIVE;
				GCC_WARN_UNUSED_FUNCTION = YES;
				GCC_WARN_UNUSED_VARIABLE = YES;
				IPHONEOS_DEPLOYMENT_TARGET = 13.1;
				MTL_ENABLE_DEBUG_INFO = NO;
				MTL_FAST_MATH = YES;
				SDKROOT = iphoneos;
				SWIFT_COMPILATION_MODE = wholemodule;
				SWIFT_OPTIMIZATION_LEVEL = "-O";
				VALIDATE_PRODUCT = YES;
			};
			name = Release;
		};
		20DD35BF247BBBD100BD2E32 /* Debug */ = {
			isa = XCBuildConfiguration;
			baseConfigurationReference = CF291F015288F07BAD70C084 /* Pods-SimpleWeather.debug.xcconfig */;
			buildSettings = {
				ASSETCATALOG_COMPILER_APPICON_NAME = AppIcon;
				CODE_SIGN_STYLE = Automatic;
				DEVELOPMENT_TEAM = E8W748977J;
				INFOPLIST_FILE = SimpleWeather/Info.plist;
				LD_RUNPATH_SEARCH_PATHS = (
					"$(inherited)",
					"@executable_path/Frameworks",
				);
				PRODUCT_BUNDLE_IDENTIFIER = com.esuba.SimpleWeather;
				PRODUCT_NAME = "$(TARGET_NAME)";
				SWIFT_VERSION = 5.0;
				TARGETED_DEVICE_FAMILY = "1,2";
			};
			name = Debug;
		};
		20DD35C0247BBBD100BD2E32 /* Release */ = {
			isa = XCBuildConfiguration;
			baseConfigurationReference = A0F093742A2DA482BBF29132 /* Pods-SimpleWeather.release.xcconfig */;
			buildSettings = {
				ASSETCATALOG_COMPILER_APPICON_NAME = AppIcon;
				CODE_SIGN_STYLE = Automatic;
				DEVELOPMENT_TEAM = E8W748977J;
				INFOPLIST_FILE = SimpleWeather/Info.plist;
				LD_RUNPATH_SEARCH_PATHS = (
					"$(inherited)",
					"@executable_path/Frameworks",
				);
				PRODUCT_BUNDLE_IDENTIFIER = com.esuba.SimpleWeather;
				PRODUCT_NAME = "$(TARGET_NAME)";
				SWIFT_VERSION = 5.0;
				TARGETED_DEVICE_FAMILY = "1,2";
			};
			name = Release;
		};
/* End XCBuildConfiguration section */

/* Begin XCConfigurationList section */
		20DD35A2247BBBCB00BD2E32 /* Build configuration list for PBXProject "SimpleWeather" */ = {
			isa = XCConfigurationList;
			buildConfigurations = (
				20DD35BC247BBBD100BD2E32 /* Debug */,
				20DD35BD247BBBD100BD2E32 /* Release */,
			);
			defaultConfigurationIsVisible = 0;
			defaultConfigurationName = Release;
		};
		20DD35BE247BBBD100BD2E32 /* Build configuration list for PBXNativeTarget "SimpleWeather" */ = {
			isa = XCConfigurationList;
			buildConfigurations = (
				20DD35BF247BBBD100BD2E32 /* Debug */,
				20DD35C0247BBBD100BD2E32 /* Release */,
			);
			defaultConfigurationIsVisible = 0;
			defaultConfigurationName = Release;
		};
/* End XCConfigurationList section */
	};
	rootObject = 20DD359F247BBBCB00BD2E32 /* Project object */;
}
